
Microsoft Visual Studio Solution File, Format Version 12.00
# Visual Studio 15
VisualStudioVersion = 15.0.28307.757
MinimumVisualStudioVersion = 10.0.40219.1
Project("{FAE04EC0-301F-11D3-BF4B-00C04F79EFBC}") = "MediatorPattern", "MediatorPattern\MediatorPattern.csproj", "{091DDB46-2229-4484-A6A9-05883C9CB414}"
EndProject
Global
	GlobalSection(SolutionConfigurationPlatforms) = preSolution
		Debug|Any CPU = Debug|Any CPU
		Release|Any CPU = Release|Any CPU
	EndGlobalSection
	GlobalSection(ProjectConfigurationPlatforms) = postSolution
		{091DDB46-2229-4484-A6A9-05883C9CB414}.Debug|Any CPU.ActiveCfg = Debug|Any CPU
		{091DDB46-2229-4484-A6A9-05883C9CB414}.Debug|Any CPU.Build.0 = Debug|Any CPU
		{091DDB46-2229-4484-A6A9-05883C9CB414}.Release|Any CPU.ActiveCfg = Release|Any CPU
		{091DDB46-2229-4484-A6A9-05883C9CB414}.Release|Any CPU.Build.0 = Release|Any CPU
	EndGlobalSection
	GlobalSection(SolutionProperties) = preSolution
		HideSolutionNode = FALSE
	EndGlobalSection
	GlobalSection(ExtensibilityGlobals) = postSolution
		SolutionGuid = {313A2477-2E70-4668-92E4-83D2DBC2D21A}
	EndGlobalSection
EndGlobal
